{
  "name": "theredroom",
  "lockfileVersion": 2,
  "requires": true,
  "packages": {
    "": {
      "dependencies": {
        "foundation-sites": "^6.7.4",
        "slickscrolljs": "^1.3.2",
        "ukiyojs": "^2.0.1"
      }
    },
    "node_modules/foundation-sites": {
      "version": "6.7.4",
      "resolved": "https://registry.npmjs.org/foundation-sites/-/foundation-sites-6.7.4.tgz",
      "integrity": "sha512-2QPaZJ0Od0DyklhQyKC3zPbr8AAUXSkr1scZJrQTgj/KTLresuCgUBfi7ft32NlOWhuqVXisjOgTE8N5EPS3cg==",
      "engines": {
        "node": ">=12.0"
      },
      "peerDependencies": {
        "jquery": ">=3.6.0",
        "motion-ui": "latest",
        "what-input": ">=5.2.10"
      }
    },
    "node_modules/jquery": {
      "version": "3.6.0",
      "resolved": "https://registry.npmjs.org/jquery/-/jquery-3.6.0.tgz",
      "integrity": "sha512-JVzAR/AjBvVt2BmYhxRCSYysDsPcssdmTFnzyLEts9qNwmjmu4JTAMYubEfwVOSwpQ1I1sKKFcxhZCI2buerfw==",
      "peer": true
    },
    "node_modules/motion-ui": {
      "version": "2.0.3",
      "resolved": "https://registry.npmjs.org/motion-ui/-/motion-ui-2.0.3.tgz",
      "integrity": "sha512-f9xzh/hbZTUYjk4M7y1aDcsiPTfqUbuvCv/+If05TSIBEJMu3hGBU+YSe9csQPP7WBBHXxjossEygM/TJo2enw==",
      "peer": true,
      "peerDependencies": {
        "jquery": ">=2.2.0"
      }
    },
    "node_modules/slickscrolljs": {
      "version": "1.3.2",
      "resolved": "https://registry.npmjs.org/slickscrolljs/-/slickscrolljs-1.3.2.tgz",
      "integrity": "sha512-bsQFWepabQZG8qkgUvyX1pYeJuJVINB0MyzSci6O3w+dAybEHfivHZWUxorfc+Y8Nxd1Bf4qXLRa7uVqdHMMyg=="
    },
    "node_modules/ukiyojs": {
      "version": "2.0.1",
      "resolved": "https://registry.npmjs.org/ukiyojs/-/ukiyojs-2.0.1.tgz",
      "integrity": "sha512-9AJNE0g5c7D6pBk44lBDfoQKItI40pvB5He/NvCPFC8vVaCyLQwk6Ai8rbmd6HNOa28JGWnI9SHXNuOJ4bzQkg=="
    },
    "node_modules/what-input": {
      "version": "5.2.10",
      "resolved": "https://registry.npmjs.org/what-input/-/what-input-5.2.10.tgz",
      "integrity": "sha512-7AQoIMGq7uU8esmKniOtZG3A+pzlwgeyFpkS3f/yzRbxknSL68tvn5gjE6bZ4OMFxCPjpaBd2udUTqlZ0HwrXQ==",
      "peer": true
    }
  },
  "dependencies": {
    "foundation-sites": {
      "version": "6.7.4",
      "resolved": "https://registry.npmjs.org/foundation-sites/-/foundation-sites-6.7.4.tgz",
      "integrity": "sha512-2QPaZJ0Od0DyklhQyKC3zPbr8AAUXSkr1scZJrQTgj/KTLresuCgUBfi7ft32NlOWhuqVXisjOgTE8N5EPS3cg==",
      "requires": {}
    },
    "jquery": {
      "version": "3.6.0",
      "resolved": "https://registry.npmjs.org/jquery/-/jquery-3.6.0.tgz",
      "integrity": "sha512-JVzAR/AjBvVt2BmYhxRCSYysDsPcssdmTFnzyLEts9qNwmjmu4JTAMYubEfwVOSwpQ1I1sKKFcxhZCI2buerfw==",
      "peer": true
    },
    "motion-ui": {
      "version": "2.0.3",
      "resolved": "https://registry.npmjs.org/motion-ui/-/motion-ui-2.0.3.tgz",
      "integrity": "sha512-f9xzh/hbZTUYjk4M7y1aDcsiPTfqUbuvCv/+If05TSIBEJMu3hGBU+YSe9csQPP7WBBHXxjossEygM/TJo2enw==",
      "peer": true,
      "requires": {}
    },
    "slickscrolljs": {
      "version": "1.3.2",
      "resolved": "https://registry.npmjs.org/slickscrolljs/-/slickscrolljs-1.3.2.tgz",
      "integrity": "sha512-bsQFWepabQZG8qkgUvyX1pYeJuJVINB0MyzSci6O3w+dAybEHfivHZWUxorfc+Y8Nxd1Bf4qXLRa7uVqdHMMyg=="
    },
    "ukiyojs": {
      "version": "2.0.1",
      "resolved": "https://registry.npmjs.org/ukiyojs/-/ukiyojs-2.0.1.tgz",
      "integrity": "sha512-9AJNE0g5c7D6pBk44lBDfoQKItI40pvB5He/NvCPFC8vVaCyLQwk6Ai8rbmd6HNOa28JGWnI9SHXNuOJ4bzQkg=="
    },
    "what-input": {
      "version": "5.2.10",
      "resolved": "https://registry.npmjs.org/what-input/-/what-input-5.2.10.tgz",
      "integrity": "sha512-7AQoIMGq7uU8esmKniOtZG3A+pzlwgeyFpkS3f/yzRbxknSL68tvn5gjE6bZ4OMFxCPjpaBd2udUTqlZ0HwrXQ==",
      "peer": true
    }
  }
}
